
Microsoft Visual Studio Solution File, Format Version 12.00
# Visual Studio Version 17
VisualStudioVersion = 17.12.35707.178
MinimumVisualStudioVersion = 10.0.40219.1
Project("{FAE04EC0-301F-11D3-BF4B-00C04F79EFBC}") = "APDIRepSys", "APDIRepSys\APDIRepSys.csproj", "{0CBCB1BE-1A2D-47C7-B27A-41AD9D36B285}"
EndProject
Project("{FAE04EC0-301F-11D3-BF4B-00C04F79EFBC}") = "MyRep", "MyRep\MyRep.csproj", "{A325198B-8B36-4419-B269-FA2580C14782}"
EndProject
Global
	GlobalSection(SolutionConfigurationPlatforms) = preSolution
		Debug|x64 = Debug|x64
		Release|x64 = Release|x64
	EndGlobalSection
	GlobalSection(ProjectConfigurationPlatforms) = postSolution
		{0CBCB1BE-1A2D-47C7-B27A-41AD9D36B285}.Debug|x64.ActiveCfg = Debug|x64
		{0CBCB1BE-1A2D-47C7-B27A-41AD9D36B285}.Debug|x64.Build.0 = Debug|x64
		{0CBCB1BE-1A2D-47C7-B27A-41AD9D36B285}.Release|x64.ActiveCfg = Release|x64
		{0CBCB1BE-1A2D-47C7-B27A-41AD9D36B285}.Release|x64.Build.0 = Release|x64
		{A325198B-8B36-4419-B269-FA2580C14782}.Debug|x64.ActiveCfg = Debug|x64
		{A325198B-8B36-4419-B269-FA2580C14782}.Debug|x64.Build.0 = Debug|x64
		{A325198B-8B36-4419-B269-FA2580C14782}.Release|x64.ActiveCfg = Release|x64
		{A325198B-8B36-4419-B269-FA2580C14782}.Release|x64.Build.0 = Release|x64
	EndGlobalSection
	GlobalSection(SolutionProperties) = preSolution
		HideSolutionNode = FALSE
	EndGlobalSection
EndGlobal
